
Microsoft Visual Studio Solution File, Format Version 12.00
# Visual Studio Version 17
VisualStudioVersion = 17.3.32819.101
MinimumVisualStudioVersion = 10.0.40219.1
Project("{FAE04EC0-301F-11D3-BF4B-00C04F79EFBC}") = "MyPoem.Domain.Shared", "MyPoem.Domain.Shared\MyPoem.Domain.Shared.csproj", "{DF5B72EB-FBCA-4939-9C07-73771B9C817B}"
EndProject
Project("{FAE04EC0-301F-11D3-BF4B-00C04F79EFBC}") = "MyPoem.Domain", "MyPoem.Domain\MyPoem.Domain.csproj", "{020A438B-6457-4BF3-BF92-D54C399D24C2}"
EndProject
Project("{FAE04EC0-301F-11D3-BF4B-00C04F79EFBC}") = "MyPoem.Application", "MyPoem.Application\MyPoem.Application.csproj", "{AB350EC5-00C1-42D3-A989-2F7D8380C824}"
EndProject
Project("{FAE04EC0-301F-11D3-BF4B-00C04F79EFBC}") = "MyPoem.Application.Contracts", "MyPoem.Application.Contracts\MyPoem.Application.Contracts.csproj", "{E89EC0EB-6078-40B6-955E-323FECBD523E}"
EndProject
Project("{FAE04EC0-301F-11D3-BF4B-00C04F79EFBC}") = "MyPoem.EntityFramework", "MyPoem.EntityFramework\MyPoem.EntityFramework.csproj", "{541DBBB0-350B-45E1-882C-DCA9969EC207}"
EndProject
Project("{FAE04EC0-301F-11D3-BF4B-00C04F79EFBC}") = "MyPoem.HttpApi.Host", "MyPoem.HttpApi.Host\MyPoem.HttpApi.Host.csproj", "{351FA37F-F691-4904-A1F8-A407368C3D8C}"
EndProject
Global
	GlobalSection(SolutionConfigurationPlatforms) = preSolution
		Debug|Any CPU = Debug|Any CPU
		Release|Any CPU = Release|Any CPU
	EndGlobalSection
	GlobalSection(ProjectConfigurationPlatforms) = postSolution
		{DF5B72EB-FBCA-4939-9C07-73771B9C817B}.Debug|Any CPU.ActiveCfg = Debug|Any CPU
		{DF5B72EB-FBCA-4939-9C07-73771B9C817B}.Debug|Any CPU.Build.0 = Debug|Any CPU
		{DF5B72EB-FBCA-4939-9C07-73771B9C817B}.Release|Any CPU.ActiveCfg = Release|Any CPU
		{DF5B72EB-FBCA-4939-9C07-73771B9C817B}.Release|Any CPU.Build.0 = Release|Any CPU
		{020A438B-6457-4BF3-BF92-D54C399D24C2}.Debug|Any CPU.ActiveCfg = Debug|Any CPU
		{020A438B-6457-4BF3-BF92-D54C399D24C2}.Debug|Any CPU.Build.0 = Debug|Any CPU
		{020A438B-6457-4BF3-BF92-D54C399D24C2}.Release|Any CPU.ActiveCfg = Release|Any CPU
		{020A438B-6457-4BF3-BF92-D54C399D24C2}.Release|Any CPU.Build.0 = Release|Any CPU
		{AB350EC5-00C1-42D3-A989-2F7D8380C824}.Debug|Any CPU.ActiveCfg = Debug|Any CPU
		{AB350EC5-00C1-42D3-A989-2F7D8380C824}.Debug|Any CPU.Build.0 = Debug|Any CPU
		{AB350EC5-00C1-42D3-A989-2F7D8380C824}.Release|Any CPU.ActiveCfg = Release|Any CPU
		{AB350EC5-00C1-42D3-A989-2F7D8380C824}.Release|Any CPU.Build.0 = Release|Any CPU
		{E89EC0EB-6078-40B6-955E-323FECBD523E}.Debug|Any CPU.ActiveCfg = Debug|Any CPU
		{E89EC0EB-6078-40B6-955E-323FECBD523E}.Debug|Any CPU.Build.0 = Debug|Any CPU
		{E89EC0EB-6078-40B6-955E-323FECBD523E}.Release|Any CPU.ActiveCfg = Release|Any CPU
		{E89EC0EB-6078-40B6-955E-323FECBD523E}.Release|Any CPU.Build.0 = Release|Any CPU
		{541DBBB0-350B-45E1-882C-DCA9969EC207}.Debug|Any CPU.ActiveCfg = Debug|Any CPU
		{541DBBB0-350B-45E1-882C-DCA9969EC207}.Debug|Any CPU.Build.0 = Debug|Any CPU
		{541DBBB0-350B-45E1-882C-DCA9969EC207}.Release|Any CPU.ActiveCfg = Release|Any CPU
		{541DBBB0-350B-45E1-882C-DCA9969EC207}.Release|Any CPU.Build.0 = Release|Any CPU
		{351FA37F-F691-4904-A1F8-A407368C3D8C}.Debug|Any CPU.ActiveCfg = Debug|Any CPU
		{351FA37F-F691-4904-A1F8-A407368C3D8C}.Debug|Any CPU.Build.0 = Debug|Any CPU
		{351FA37F-F691-4904-A1F8-A407368C3D8C}.Release|Any CPU.ActiveCfg = Release|Any CPU
		{351FA37F-F691-4904-A1F8-A407368C3D8C}.Release|Any CPU.Build.0 = Release|Any CPU
	EndGlobalSection
	GlobalSection(SolutionProperties) = preSolution
		HideSolutionNode = FALSE
	EndGlobalSection
	GlobalSection(ExtensibilityGlobals) = postSolution
		SolutionGuid = {BEFBC977-4C55-4E07-A170-57A753950CD0}
	EndGlobalSection
EndGlobal
